// !$*UTF8*$!
{
	archiveVersion = 1;
	classes = {
	};
	objectVersion = 56;
	objects = {

/* Begin PBXBuildFile section */
		9278D8062B47109A00CB62BD /* Inch_credibleApp.swift in Sources */ = {isa = PBXBuildFile; fileRef = 9278D8052B47109A00CB62BD /* Inch_credibleApp.swift */; };
		9278D8082B47109A00CB62BD /* ContentView.swift in Sources */ = {isa = PBXBuildFile; fileRef = 9278D8072B47109A00CB62BD /* ContentView.swift */; };
		9278D80A2B47109C00CB62BD /* Assets.xcassets in Resources */ = {isa = PBXBuildFile; fileRef = 9278D8092B47109C00CB62BD /* Assets.xcassets */; };
		9278D80E2B47109C00CB62BD /* Preview Assets.xcassets in Resources */ = {isa = PBXBuildFile; fileRef = 9278D80D2B47109C00CB62BD /* Preview Assets.xcassets */; };
		9278D8182B47109C00CB62BD /* Inch_credibleTests.swift in Sources */ = {isa = PBXBuildFile; fileRef = 9278D8172B47109C00CB62BD /* Inch_credibleTests.swift */; };
		9278D8222B47109C00CB62BD /* Inch_credibleUITests.swift in Sources */ = {isa = PBXBuildFile; fileRef = 9278D8212B47109C00CB62BD /* Inch_credibleUITests.swift */; };
		9278D8242B47109C00CB62BD /* Inch_credibleUITestsLaunchTests.swift in Sources */ = {isa = PBXBuildFile; fileRef = 9278D8232B47109C00CB62BD /* Inch_credibleUITestsLaunchTests.swift */; };
/* End PBXBuildFile section */

/* Begin PBXContainerItemProxy section */
		9278D8142B47109C00CB62BD /* PBXContainerItemProxy */ = {
			isa = PBXContainerItemProxy;
			containerPortal = 9278D7FA2B47109A00CB62BD /* Project object */;
			proxyType = 1;
			remoteGlobalIDString = 9278D8012B47109A00CB62BD;
			remoteInfo = "Inch-credible";
		};
		9278D81E2B47109C00CB62BD /* PBXContainerItemProxy */ = {
			isa = PBXContainerItemProxy;
			containerPortal = 9278D7FA2B47109A00CB62BD /* Project object */;
			proxyType = 1;
			remoteGlobalIDString = 9278D8012B47109A00CB62BD;
			remoteInfo = "Inch-credible";
		};
/* End PBXContainerItemProxy section */

/* Begin PBXFileReference section */
		9278D8022B47109A00CB62BD /* Inch-credible.app */ = {isa = PBXFileReference; explicitFileType = wrapper.application; includeInIndex = 0; path = "Inch-credible.app"; sourceTree = BUILT_PRODUCTS_DIR; };
		9278D8052B47109A00CB62BD /* Inch_credibleApp.swift */ = {isa = PBXFileReference; lastKnownFileType = sourcecode.swift; path = Inch_credibleApp.swift; sourceTree = "<group>"; };
		9278D8072B47109A00CB62BD /* ContentView.swift */ = {isa = PBXFileReference; lastKnownFileType = sourcecode.swift; path = ContentView.swift; sourceTree = "<group>"; };
		9278D8092B47109C00CB62BD /* Assets.xcassets */ = {isa = PBXFileReference; lastKnownFileType = folder.assetcatalog; path = Assets.xcassets; sourceTree = "<group>"; };
		9278D80B2B47109C00CB62BD /* Inch_credible.entitlements */ = {isa = PBXFileReference; lastKnownFileType = text.plist.entitlements; path = Inch_credible.entitlements; sourceTree = "<group>"; };
		9278D80D2B47109C00CB62BD /* Preview Assets.xcassets */ = {isa = PBXFileReference; lastKnownFileType = folder.assetcatalog; path = "Preview Assets.xcassets"; sourceTree = "<group>"; };
		9278D8132B47109C00CB62BD /* Inch-credibleTests.xctest */ = {isa = PBXFileReference; explicitFileType = wrapper.cfbundle; includeInIndex = 0; path = "Inch-credibleTests.xctest"; sourceTree = BUILT_PRODUCTS_DIR; };
		9278D8172B47109C00CB62BD /* Inch_credibleTests.swift */ = {isa = PBXFileReference; lastKnownFileType = sourcecode.swift; path = Inch_credibleTests.swift; sourceTree = "<group>"; };
		9278D81D2B47109C00CB62BD /* Inch-credibleUITests.xctest */ = {isa = PBXFileReference; explicitFileType = wrapper.cfbundle; includeInIndex = 0; path = "Inch-credibleUITests.xctest"; sourceTree = BUILT_PRODUCTS_DIR; };
		9278D8212B47109C00CB62BD /* Inch_credibleUITests.swift */ = {isa = PBXFileReference; lastKnownFileType = sourcecode.swift; path = Inch_credibleUITests.swift; sourceTree = "<group>"; };
		9278D8232B47109C00CB62BD /* Inch_credibleUITestsLaunchTests.swift */ = {isa = PBXFileReference; lastKnownFileType = sourcecode.swift; path = Inch_credibleUITestsLaunchTests.swift; sourceTree = "<group>"; };
/* End PBXFileReference section */

/* Begin PBXFrameworksBuildPhase section */
		9278D7FF2B47109A00CB62BD /* Frameworks */ = {
			isa = PBXFrameworksBuildPhase;
			buildActionMask = 2147483647;
			files = (
			);
			runOnlyForDeploymentPostprocessing = 0;
		};
		9278D8102B47109C00CB62BD /* Frameworks */ = {
			isa = PBXFrameworksBuildPhase;
			buildActionMask = 2147483647;
			files = (
			);
			runOnlyForDeploymentPostprocessing = 0;
		};
		9278D81A2B47109C00CB62BD /* Frameworks */ = {
			isa = PBXFrameworksBuildPhase;
			buildActionMask = 2147483647;
			files = (
			);
			runOnlyForDeploymentPostprocessing = 0;
		};
/* End PBXFrameworksBuildPhase section */

/* Begin PBXGroup section */
		9278D7F92B47109A00CB62BD = {
			isa = PBXGroup;
			children = (
				9278D8042B47109A00CB62BD /* Inch-credible */,
				9278D8162B47109C00CB62BD /* Inch-credibleTests */,
				9278D8202B47109C00CB62BD /* Inch-credibleUITests */,
				9278D8032B47109A00CB62BD /* Products */,
			);
			sourceTree = "<group>";
		};
		9278D8032B47109A00CB62BD /* Products */ = {
			isa = PBXGroup;
			children = (
				9278D8022B47109A00CB62BD /* Inch-credible.app */,
				9278D8132B47109C00CB62BD /* Inch-credibleTests.xctest */,
				9278D81D2B47109C00CB62BD /* Inch-credibleUITests.xctest */,
			);
			name = Products;
			sourceTree = "<group>";
		};
		9278D8042B47109A00CB62BD /* Inch-credible */ = {
			isa = PBXGroup;
			children = (
				9278D8052B47109A00CB62BD /* Inch_credibleApp.swift */,
				9278D8072B47109A00CB62BD /* ContentView.swift */,
				9278D8092B47109C00CB62BD /* Assets.xcassets */,
				9278D80B2B47109C00CB62BD /* Inch_credible.entitlements */,
				9278D80C2B47109C00CB62BD /* Preview Content */,
			);
			path = "Inch-credible";
			sourceTree = "<group>";
		};
		9278D80C2B47109C00CB62BD /* Preview Content */ = {
			isa = PBXGroup;
			children = (
				9278D80D2B47109C00CB62BD /* Preview Assets.xcassets */,
			);
			path = "Preview Content";
			sourceTree = "<group>";
		};
		9278D8162B47109C00CB62BD /* Inch-credibleTests */ = {
			isa = PBXGroup;
			children = (
				9278D8172B47109C00CB62BD /* Inch_credibleTests.swift */,
			);
			path = "Inch-credibleTests";
			sourceTree = "<group>";
		};
		9278D8202B47109C00CB62BD /* Inch-credibleUITests */ = {
			isa = PBXGroup;
			children = (
				9278D8212B47109C00CB62BD /* Inch_credibleUITests.swift */,
				9278D8232B47109C00CB62BD /* Inch_credibleUITestsLaunchTests.swift */,
			);
			path = "Inch-credibleUITests";
			sourceTree = "<group>";
		};
/* End PBXGroup section */

/* Begin PBXNativeTarget section */
		9278D8012B47109A00CB62BD /* Inch-credible */ = {
			isa = PBXNativeTarget;
			buildConfigurationList = 9278D8272B47109C00CB62BD /* Build configuration list for PBXNativeTarget "Inch-credible" */;
			buildPhases = (
				9278D7FE2B47109A00CB62BD /* Sources */,
				9278D7FF2B47109A00CB62BD /* Frameworks */,
				9278D8002B47109A00CB62BD /* Resources */,
			);
			buildRules = (
			);
			dependencies = (
			);
			name = "Inch-credible";
			productName = "Inch-credible";
			productReference = 9278D8022B47109A00CB62BD /* Inch-credible.app */;
			productType = "com.apple.product-type.application";
		};
		9278D8122B47109C00CB62BD /* Inch-credibleTests */ = {
			isa = PBXNativeTarget;
			buildConfigurationList = 9278D82A2B47109C00CB62BD /* Build configuration list for PBXNativeTarget "Inch-credibleTests" */;
			buildPhases = (
				9278D80F2B47109C00CB62BD /* Sources */,
				9278D8102B47109C00CB62BD /* Frameworks */,
				9278D8112B47109C00CB62BD /* Resources */,
			);
			buildRules = (
			);
			dependencies = (
				9278D8152B47109C00CB62BD /* PBXTargetDependency */,
			);
			name = "Inch-credibleTests";
			productName = "Inch-credibleTests";
			productReference = 9278D8132B47109C00CB62BD /* Inch-credibleTests.xctest */;
			productType = "com.apple.product-type.bundle.unit-test";
		};
		9278D81C2B47109C00CB62BD /* Inch-credibleUITests */ = {
			isa = PBXNativeTarget;
			buildConfigurationList = 9278D82D2B47109C00CB62BD /* Build configuration list for PBXNativeTarget "Inch-credibleUITests" */;
			buildPhases = (
				9278D8192B47109C00CB62BD /* Sources */,
				9278D81A2B47109C00CB62BD /* Frameworks */,
				9278D81B2B47109C00CB62BD /* Resources */,
			);
			buildRules = (
			);
			dependencies = (
				9278D81F2B47109C00CB62BD /* PBXTargetDependency */,
			);
			name = "Inch-credibleUITests";
			productName = "Inch-credibleUITests";
			productReference = 9278D81D2B47109C00CB62BD /* Inch-credibleUITests.xctest */;
			productType = "com.apple.product-type.bundle.ui-testing";
		};
/* End PBXNativeTarget section */

/* Begin PBXProject section */
		9278D7FA2B47109A00CB62BD /* Project object */ = {
			isa = PBXProject;
			attributes = {
				BuildIndependentTargetsInParallel = 1;
				LastSwiftUpdateCheck = 1510;
				LastUpgradeCheck = 1510;
				TargetAttributes = {
					9278D8012B47109A00CB62BD = {
						CreatedOnToolsVersion = 15.1;
					};
					9278D8122B47109C00CB62BD = {
						CreatedOnToolsVersion = 15.1;
						TestTargetID = 9278D8012B47109A00CB62BD;
					};
					9278D81C2B47109C00CB62BD = {
						CreatedOnToolsVersion = 15.1;
						TestTargetID = 9278D8012B47109A00CB62BD;
					};
				};
			};
			buildConfigurationList = 9278D7FD2B47109A00CB62BD /* Build configuration list for PBXProject "Inch-credible" */;
			compatibilityVersion = "Xcode 14.0";
			developmentRegion = en;
			hasScannedForEncodings = 0;
			knownRegions = (
				en,
				Base,
			);
			mainGroup = 9278D7F92B47109A00CB62BD;
			productRefGroup = 9278D8032B47109A00CB62BD /* Products */;
			projectDirPath = "";
			projectRoot = "";
			targets = (
				9278D8012B47109A00CB62BD /* Inch-credible */,
				9278D8122B47109C00CB62BD /* Inch-credibleTests */,
				9278D81C2B47109C00CB62BD /* Inch-credibleUITests */,
			);
		};
/* End PBXProject section */

/* Begin PBXResourcesBuildPhase section */
		9278D8002B47109A00CB62BD /* Resources */ = {
			isa = PBXResourcesBuildPhase;
			buildActionMask = 2147483647;
			files = (
				9278D80E2B47109C00CB62BD /* Preview Assets.xcassets in Resources */,
				9278D80A2B47109C00CB62BD /* Assets.xcassets in Resources */,
			);
			runOnlyForDeploymentPostprocessing = 0;
		};
		9278D8112B47109C00CB62BD /* Resources */ = {
			isa = PBXResourcesBuildPhase;
			buildActionMask = 2147483647;
			files = (
			);
			runOnlyForDeploymentPostprocessing = 0;
		};
		9278D81B2B47109C00CB62BD /* Resources */ = {
			isa = PBXResourcesBuildPhase;
			buildActionMask = 2147483647;
			files = (
			);
			runOnlyForDeploymentPostprocessing = 0;
		};
/* End PBXResourcesBuildPhase section */

/* Begin PBXSourcesBuildPhase section */
		9278D7FE2B47109A00CB62BD /* Sources */ = {
			isa = PBXSourcesBuildPhase;
			buildActionMask = 2147483647;
			files = (
				9278D8082B47109A00CB62BD /* ContentView.swift in Sources */,
				9278D8062B47109A00CB62BD /* Inch_credibleApp.swift in Sources */,
			);
			runOnlyForDeploymentPostprocessing = 0;
		};
		9278D80F2B47109C00CB62BD /* Sources */ = {
			isa = PBXSourcesBuildPhase;
			buildActionMask = 2147483647;
			files = (
				9278D8182B47109C00CB62BD /* Inch_credibleTests.swift in Sources */,
			);
			runOnlyForDeploymentPostprocessing = 0;
		};
		9278D8192B47109C00CB62BD /* Sources */ = {
			isa = PBXSourcesBuildPhase;
			buildActionMask = 2147483647;
			files = (
				9278D8242B47109C00CB62BD /* Inch_credibleUITestsLaunchTests.swift in Sources */,
				9278D8222B47109C00CB62BD /* Inch_credibleUITests.swift in Sources */,
			);
			runOnlyForDeploymentPostprocessing = 0;
		};
/* End PBXSourcesBuildPhase section */

/* Begin PBXTargetDependency section */
		9278D8152B47109C00CB62BD /* PBXTargetDependency */ = {
			isa = PBXTargetDependency;
			target = 9278D8012B47109A00CB62BD /* Inch-credible */;
			targetProxy = 9278D8142B47109C00CB62BD /* PBXContainerItemProxy */;
		};
		9278D81F2B47109C00CB62BD /* PBXTargetDependency */ = {
			isa = PBXTargetDependency;
			target = 9278D8012B47109A00CB62BD /* Inch-credible */;
			targetProxy = 9278D81E2B47109C00CB62BD /* PBXContainerItemProxy */;
		};
/* End PBXTargetDependency section */

/* Begin XCBuildConfiguration section */
		9278D8252B47109C00CB62BD /* Debug */ = {
			isa = XCBuildConfiguration;
			buildSettings = {
				ALWAYS_SEARCH_USER_PATHS = NO;
				ASSETCATALOG_COMPILER_GENERATE_SWIFT_ASSET_SYMBOL_EXTENSIONS = YES;
				CLANG_ANALYZER_NONNULL = YES;
				CLANG_ANALYZER_NUMBER_OBJECT_CONVERSION = YES_AGGRESSIVE;
				CLANG_CXX_LANGUAGE_STANDARD = "gnu++20";
				CLANG_ENABLE_MODULES = YES;
				CLANG_ENABLE_OBJC_ARC = YES;
				CLANG_ENABLE_OBJC_WEAK = YES;
				CLANG_WARN_BLOCK_CAPTURE_AUTORELEASING = YES;
				CLANG_WARN_BOOL_CONVERSION = YES;
				CLANG_WARN_COMMA = YES;
				CLANG_WARN_CONSTANT_CONVERSION = YES;
				CLANG_WARN_DEPRECATED_OBJC_IMPLEMENTATIONS = YES;
				CLANG_WARN_DIRECT_OBJC_ISA_USAGE = YES_ERROR;
				CLANG_WARN_DOCUMENTATION_COMMENTS = YES;
				CLANG_WARN_EMPTY_BODY = YES;
				CLANG_WARN_ENUM_CONVERSION = YES;
				CLANG_WARN_INFINITE_RECURSION = YES;
				CLANG_WARN_INT_CONVERSION = YES;
				CLANG_WARN_NON_LITERAL_NULL_CONVERSION = YES;
				CLANG_WARN_OBJC_IMPLICIT_RETAIN_SELF = YES;
				CLANG_WARN_OBJC_LITERAL_CONVERSION = YES;
				CLANG_WARN_OBJC_ROOT_CLASS = YES_ERROR;
				CLANG_WARN_QUOTED_INCLUDE_IN_FRAMEWORK_HEADER = YES;
				CLANG_WARN_RANGE_LOOP_ANALYSIS = YES;
				CLANG_WARN_STRICT_PROTOTYPES = YES;
				CLANG_WARN_SUSPICIOUS_MOVE = YES;
				CLANG_WARN_UNGUARDED_AVAILABILITY = YES_AGGRESSIVE;
				CLANG_WARN_UNREACHABLE_CODE = YES;
				CLANG_WARN__DUPLICATE_METHOD_MATCH = YES;
				COPY_PHASE_STRIP = NO;
				DEBUG_INFORMATION_FORMAT = dwarf;
				ENABLE_STRICT_OBJC_MSGSEND = YES;
				ENABLE_TESTABILITY = YES;
				ENABLE_USER_SCRIPT_SANDBOXING = YES;
				GCC_C_LANGUAGE_STANDARD = gnu17;
				GCC_DYNAMIC_NO_PIC = NO;
				GCC_NO_COMMON_BLOCKS = YES;
				GCC_OPTIMIZATION_LEVEL = 0;
				GCC_PREPROCESSOR_DEFINITIONS = (
					"DEBUG=1",
					"$(inherited)",
				);
				GCC_WARN_64_TO_32_BIT_CONVERSION = YES;
				GCC_WARN_ABOUT_RETURN_TYPE = YES_ERROR;
				GCC_WARN_UNDECLARED_SELECTOR = YES;
				GCC_WARN_UNINITIALIZED_AUTOS = YES_AGGRESSIVE;
				GCC_WARN_UNUSED_FUNCTION = YES;
				GCC_WARN_UNUSED_VARIABLE = YES;
				LOCALIZATION_PREFERS_STRING_CATALOGS = YES;
				MTL_ENABLE_DEBUG_INFO = INCLUDE_SOURCE;
				MTL_FAST_MATH = YES;
				ONLY_ACTIVE_ARCH = YES;
				SWIFT_ACTIVE_COMPILATION_CONDITIONS = "DEBUG $(inherited)";
				SWIFT_OPTIMIZATION_LEVEL = "-Onone";
			};
			name = Debug;
		};
		9278D8262B47109C00CB62BD /* Release */ = {
			isa = XCBuildConfiguration;
			buildSettings = {
				ALWAYS_SEARCH_USER_PATHS = NO;
				ASSETCATALOG_COMPILER_GENERATE_SWIFT_ASSET_SYMBOL_EXTENSIONS = YES;
				CLANG_ANALYZER_NONNULL = YES;
				CLANG_ANALYZER_NUMBER_OBJECT_CONVERSION = YES_AGGRESSIVE;
				CLANG_CXX_LANGUAGE_STANDARD = "gnu++20";
				CLANG_ENABLE_MODULES = YES;
				CLANG_ENABLE_OBJC_ARC = YES;
				CLANG_ENABLE_OBJC_WEAK = YES;
				CLANG_WARN_BLOCK_CAPTURE_AUTORELEASING = YES;
				CLANG_WARN_BOOL_CONVERSION = YES;
				CLANG_WARN_COMMA = YES;
				CLANG_WARN_CONSTANT_CONVERSION = YES;
				CLANG_WARN_DEPRECATED_OBJC_IMPLEMENTATIONS = YES;
				CLANG_WARN_DIRECT_OBJC_ISA_USAGE = YES_ERROR;
				CLANG_WARN_DOCUMENTATION_COMMENTS = YES;
				CLANG_WARN_EMPTY_BODY = YES;
				CLANG_WARN_ENUM_CONVERSION = YES;
				CLANG_WARN_INFINITE_RECURSION = YES;
				CLANG_WARN_INT_CONVERSION = YES;
				CLANG_WARN_NON_LITERAL_NULL_CONVERSION = YES;
				CLANG_WARN_OBJC_IMPLICIT_RETAIN_SELF = YES;
				CLANG_WARN_OBJC_LITERAL_CONVERSION = YES;
				CLANG_WARN_OBJC_ROOT_CLASS = YES_ERROR;
				CLANG_WARN_QUOTED_INCLUDE_IN_FRAMEWORK_HEADER = YES;
				CLANG_WARN_RANGE_LOOP_ANALYSIS = YES;
				CLANG_WARN_STRICT_PROTOTYPES = YES;
				CLANG_WARN_SUSPICIOUS_MOVE = YES;
				CLANG_WARN_UNGUARDED_AVAILABILITY = YES_AGGRESSIVE;
				CLANG_WARN_UNREACHABLE_CODE = YES;
				CLANG_WARN__DUPLICATE_METHOD_MATCH = YES;
				COPY_PHASE_STRIP = NO;
				DEBUG_INFORMATION_FORMAT = "dwarf-with-dsym";
				ENABLE_NS_ASSERTIONS = NO;
				ENABLE_STRICT_OBJC_MSGSEND = YES;
				ENABLE_USER_SCRIPT_SANDBOXING = YES;
				GCC_C_LANGUAGE_STANDARD = gnu17;
				GCC_NO_COMMON_BLOCKS = YES;
				GCC_WARN_64_TO_32_BIT_CONVERSION = YES;
				GCC_WARN_ABOUT_RETURN_TYPE = YES_ERROR;
				GCC_WARN_UNDECLARED_SELECTOR = YES;
				GCC_WARN_UNINITIALIZED_AUTOS = YES_AGGRESSIVE;
				GCC_WARN_UNUSED_FUNCTION = YES;
				GCC_WARN_UNUSED_VARIABLE = YES;
				LOCALIZATION_PREFERS_STRING_CATALOGS = YES;
				MTL_ENABLE_DEBUG_INFO = NO;
				MTL_FAST_MATH = YES;
				SWIFT_COMPILATION_MODE = wholemodule;
			};
			name = Release;
		};
		9278D8282B47109C00CB62BD /* Debug */ = {
			isa = XCBuildConfiguration;
			buildSettings = {
				ASSETCATALOG_COMPILER_APPICON_NAME = AppIcon;
				ASSETCATALOG_COMPILER_GLOBAL_ACCENT_COLOR_NAME = AccentColor;
				CODE_SIGN_ENTITLEMENTS = "Inch-credible/Inch_credible.entitlements";
				CODE_SIGN_STYLE = Automatic;
				CURRENT_PROJECT_VERSION = 1;
				DEVELOPMENT_ASSET_PATHS = "\"Inch-credible/Preview Content\"";
				DEVELOPMENT_TEAM = HY3GRU2A96;
				ENABLE_HARDENED_RUNTIME = YES;
				ENABLE_PREVIEWS = YES;
				GENERATE_INFOPLIST_FILE = YES;
				"INFOPLIST_KEY_UIApplicationSceneManifest_Generation[sdk=iphoneos*]" = YES;
				"INFOPLIST_KEY_UIApplicationSceneManifest_Generation[sdk=iphonesimulator*]" = YES;
				"INFOPLIST_KEY_UIApplicationSupportsIndirectInputEvents[sdk=iphoneos*]" = YES;
				"INFOPLIST_KEY_UIApplicationSupportsIndirectInputEvents[sdk=iphonesimulator*]" = YES;
				"INFOPLIST_KEY_UILaunchScreen_Generation[sdk=iphoneos*]" = YES;
				"INFOPLIST_KEY_UILaunchScreen_Generation[sdk=iphonesimulator*]" = YES;
				"INFOPLIST_KEY_UIStatusBarStyle[sdk=iphoneos*]" = UIStatusBarStyleDefault;
				"INFOPLIST_KEY_UIStatusBarStyle[sdk=iphonesimulator*]" = UIStatusBarStyleDefault;
				INFOPLIST_KEY_UISupportedInterfaceOrientations_iPad = "UIInterfaceOrientationPortrait UIInterfaceOrientationPortraitUpsideDown UIInterfaceOrientationLandscapeLeft UIInterfaceOrientationLandscapeRight";
				INFOPLIST_KEY_UISupportedInterfaceOrientations_iPhone = "UIInterfaceOrientationPortrait UIInterfaceOrientationLandscapeLeft UIInterfaceOrientationLandscapeRight";
				IPHONEOS_DEPLOYMENT_TARGET = 17.2;
				LD_RUNPATH_SEARCH_PATHS = "@executable_path/Frameworks";
				"LD_RUNPATH_SEARCH_PATHS[sdk=macosx*]" = "@executable_path/../Frameworks";
				MACOSX_DEPLOYMENT_TARGET = 14.2;
				MARKETING_VERSION = 1.0;
				PRODUCT_BUNDLE_IDENTIFIER = "com.Pratik.Inch-credible";
				PRODUCT_NAME = "$(TARGET_NAME)";
				SDKROOT = auto;
				SUPPORTED_PLATFORMS = "iphoneos iphonesimulator macosx";
				SWIFT_EMIT_LOC_STRINGS = YES;
				SWIFT_VERSION = 5.0;
				TARGETED_DEVICE_FAMILY = "1,2";
			};
			name = Debug;
		};
		9278D8292B47109C00CB62BD /* Release */ = {
			isa = XCBuildConfiguration;
			buildSettings = {
				ASSETCATALOG_COMPILER_APPICON_NAME = AppIcon;
				ASSETCATALOG_COMPILER_GLOBAL_ACCENT_COLOR_NAME = AccentColor;
				CODE_SIGN_ENTITLEMENTS = "Inch-credible/Inch_credible.entitlements";
				CODE_SIGN_STYLE = Automatic;
				CURRENT_PROJECT_VERSION = 1;
				DEVELOPMENT_ASSET_PATHS = "\"Inch-credible/Preview Content\"";
				DEVELOPMENT_TEAM = HY3GRU2A96;
				ENABLE_HARDENED_RUNTIME = YES;
				ENABLE_PREVIEWS = YES;
				GENERATE_INFOPLIST_FILE = YES;
				"INFOPLIST_KEY_UIApplicationSceneManifest_Generation[sdk=iphoneos*]" = YES;
				"INFOPLIST_KEY_UIApplicationSceneManifest_Generation[sdk=iphonesimulator*]" = YES;
				"INFOPLIST_KEY_UIApplicationSupportsIndirectInputEvents[sdk=iphoneos*]" = YES;
				"INFOPLIST_KEY_UIApplicationSupportsIndirectInputEvents[sdk=iphonesimulator*]" = YES;
				"INFOPLIST_KEY_UILaunchScreen_Generation[sdk=iphoneos*]" = YES;
				"INFOPLIST_KEY_UILaunchScreen_Generation[sdk=iphonesimulator*]" = YES;
				"INFOPLIST_KEY_UIStatusBarStyle[sdk=iphoneos*]" = UIStatusBarStyleDefault;
				"INFOPLIST_KEY_UIStatusBarStyle[sdk=iphonesimulator*]" = UIStatusBarStyleDefault;
				INFOPLIST_KEY_UISupportedInterfaceOrientations_iPad = "UIInterfaceOrientationPortrait UIInterfaceOrientationPortraitUpsideDown UIInterfaceOrientationLandscapeLeft UIInterfaceOrientationLandscapeRight";
				INFOPLIST_KEY_UISupportedInterfaceOrientations_iPhone = "UIInterfaceOrientationPortrait UIInterfaceOrientationLandscapeLeft UIInterfaceOrientationLandscapeRight";
				IPHONEOS_DEPLOYMENT_TARGET = 17.2;
				LD_RUNPATH_SEARCH_PATHS = "@executable_path/Frameworks";
				"LD_RUNPATH_SEARCH_PATHS[sdk=macosx*]" = "@executable_path/../Frameworks";
				MACOSX_DEPLOYMENT_TARGET = 14.2;
				MARKETING_VERSION = 1.0;
				PRODUCT_BUNDLE_IDENTIFIER = "com.Pratik.Inch-credible";
				PRODUCT_NAME = "$(TARGET_NAME)";
				SDKROOT = auto;
				SUPPORTED_PLATFORMS = "iphoneos iphonesimulator macosx";
				SWIFT_EMIT_LOC_STRINGS = YES;
				SWIFT_VERSION = 5.0;
				TARGETED_DEVICE_FAMILY = "1,2";
			};
			name = Release;
		};
		9278D82B2B47109C00CB62BD /* Debug */ = {
			isa = XCBuildConfiguration;
			buildSettings = {
				ALWAYS_EMBED_SWIFT_STANDARD_LIBRARIES = YES;
				BUNDLE_LOADER = "$(TEST_HOST)";
				CODE_SIGN_STYLE = Automatic;
				CURRENT_PROJECT_VERSION = 1;
				DEVELOPMENT_TEAM = HY3GRU2A96;
				GENERATE_INFOPLIST_FILE = YES;
				IPHONEOS_DEPLOYMENT_TARGET = 17.2;
				MACOSX_DEPLOYMENT_TARGET = 14.2;
				MARKETING_VERSION = 1.0;
				PRODUCT_BUNDLE_IDENTIFIER = "com.Pratik.Inch-credibleTests";
				PRODUCT_NAME = "$(TARGET_NAME)";
				SDKROOT = auto;
				SUPPORTED_PLATFORMS = "iphoneos iphonesimulator macosx";
				SWIFT_EMIT_LOC_STRINGS = NO;
				SWIFT_VERSION = 5.0;
				TARGETED_DEVICE_FAMILY = "1,2";
				TEST_HOST = "$(BUILT_PRODUCTS_DIR)/Inch-credible.app/$(BUNDLE_EXECUTABLE_FOLDER_PATH)/Inch-credible";
			};
			name = Debug;
		};
		9278D82C2B47109C00CB62BD /* Release */ = {
			isa = XCBuildConfiguration;
			buildSettings = {
				ALWAYS_EMBED_SWIFT_STANDARD_LIBRARIES = YES;
				BUNDLE_LOADER = "$(TEST_HOST)";
				CODE_SIGN_STYLE = Automatic;
				CURRENT_PROJECT_VERSION = 1;
				DEVELOPMENT_TEAM = HY3GRU2A96;
				GENERATE_INFOPLIST_FILE = YES;
				IPHONEOS_DEPLOYMENT_TARGET = 17.2;
				MACOSX_DEPLOYMENT_TARGET = 14.2;
				MARKETING_VERSION = 1.0;
				PRODUCT_BUNDLE_IDENTIFIER = "com.Pratik.Inch-credibleTests";
				PRODUCT_NAME = "$(TARGET_NAME)";
				SDKROOT = auto;
				SUPPORTED_PLATFORMS = "iphoneos iphonesimulator macosx";
				SWIFT_EMIT_LOC_STRINGS = NO;
				SWIFT_VERSION = 5.0;
				TARGETED_DEVICE_FAMILY = "1,2";
				TEST_HOST = "$(BUILT_PRODUCTS_DIR)/Inch-credible.app/$(BUNDLE_EXECUTABLE_FOLDER_PATH)/Inch-credible";
			};
			name = Release;
		};
		9278D82E2B47109C00CB62BD /* Debug */ = {
			isa = XCBuildConfiguration;
			buildSettings = {
				ALWAYS_EMBED_SWIFT_STANDARD_LIBRARIES = YES;
				CODE_SIGN_STYLE = Automatic;
				CURRENT_PROJECT_VERSION = 1;
				DEVELOPMENT_TEAM = HY3GRU2A96;
				GENERATE_INFOPLIST_FILE = YES;
				IPHONEOS_DEPLOYMENT_TARGET = 17.2;
				MACOSX_DEPLOYMENT_TARGET = 14.2;
				MARKETING_VERSION = 1.0;
				PRODUCT_BUNDLE_IDENTIFIER = "com.Pratik.Inch-credibleUITests";
				PRODUCT_NAME = "$(TARGET_NAME)";
				SDKROOT = auto;
				SUPPORTED_PLATFORMS = "iphoneos iphonesimulator macosx";
				SWIFT_EMIT_LOC_STRINGS = NO;
				SWIFT_VERSION = 5.0;
				TARGETED_DEVICE_FAMILY = "1,2";
				TEST_TARGET_NAME = "Inch-credible";
			};
			name = Debug;
		};
		9278D82F2B47109C00CB62BD /* Release */ = {
			isa = XCBuildConfiguration;
			buildSettings = {
				ALWAYS_EMBED_SWIFT_STANDARD_LIBRARIES = YES;
				CODE_SIGN_STYLE = Automatic;
				CURRENT_PROJECT_VERSION = 1;
				DEVELOPMENT_TEAM = HY3GRU2A96;
				GENERATE_INFOPLIST_FILE = YES;
				IPHONEOS_DEPLOYMENT_TARGET = 17.2;
				MACOSX_DEPLOYMENT_TARGET = 14.2;
				MARKETING_VERSION = 1.0;
				PRODUCT_BUNDLE_IDENTIFIER = "com.Pratik.Inch-credibleUITests";
				PRODUCT_NAME = "$(TARGET_NAME)";
				SDKROOT = auto;
				SUPPORTED_PLATFORMS = "iphoneos iphonesimulator macosx";
				SWIFT_EMIT_LOC_STRINGS = NO;
				SWIFT_VERSION = 5.0;
				TARGETED_DEVICE_FAMILY = "1,2";
				TEST_TARGET_NAME = "Inch-credible";
			};
			name = Release;
		};
/* End XCBuildConfiguration section */

/* Begin XCConfigurationList section */
		9278D7FD2B47109A00CB62BD /* Build configuration list for PBXProject "Inch-credible" */ = {
			isa = XCConfigurationList;
			buildConfigurations = (
				9278D8252B47109C00CB62BD /* Debug */,
				9278D8262B47109C00CB62BD /* Release */,
			);
			defaultConfigurationIsVisible = 0;
			defaultConfigurationName = Release;
		};
		9278D8272B47109C00CB62BD /* Build configuration list for PBXNativeTarget "Inch-credible" */ = {
			isa = XCConfigurationList;
			buildConfigurations = (
				9278D8282B47109C00CB62BD /* Debug */,
				9278D8292B47109C00CB62BD /* Release */,
			);
			defaultConfigurationIsVisible = 0;
			defaultConfigurationName = Release;
		};
		9278D82A2B47109C00CB62BD /* Build configuration list for PBXNativeTarget "Inch-credibleTests" */ = {
			isa = XCConfigurationList;
			buildConfigurations = (
				9278D82B2B47109C00CB62BD /* Debug */,
				9278D82C2B47109C00CB62BD /* Release */,
			);
			defaultConfigurationIsVisible = 0;
			defaultConfigurationName = Release;
		};
		9278D82D2B47109C00CB62BD /* Build configuration list for PBXNativeTarget "Inch-credibleUITests" */ = {
			isa = XCConfigurationList;
			buildConfigurations = (
				9278D82E2B47109C00CB62BD /* Debug */,
				9278D82F2B47109C00CB62BD /* Release */,
			);
			defaultConfigurationIsVisible = 0;
			defaultConfigurationName = Release;
		};
/* End XCConfigurationList section */
	};
	rootObject = 9278D7FA2B47109A00CB62BD /* Project object */;
}
