// !$*UTF8*$!
{
	archiveVersion = 1;
	classes = {
	};
	objectVersion = 56;
	objects = {

/* Begin PBXBuildFile section */
		924618002C33D21100CCD44D /* BucketListApp.swift in Sources */ = {isa = PBXBuildFile; fileRef = 924617FF2C33D21100CCD44D /* BucketListApp.swift */; };
		924618022C33D21100CCD44D /* ContentView.swift in Sources */ = {isa = PBXBuildFile; fileRef = 924618012C33D21100CCD44D /* ContentView.swift */; };
		924618042C33D21200CCD44D /* Assets.xcassets in Resources */ = {isa = PBXBuildFile; fileRef = 924618032C33D21200CCD44D /* Assets.xcassets */; };
		924618072C33D21200CCD44D /* Preview Assets.xcassets in Resources */ = {isa = PBXBuildFile; fileRef = 924618062C33D21200CCD44D /* Preview Assets.xcassets */; };
		924618112C33D21300CCD44D /* BucketListTests.swift in Sources */ = {isa = PBXBuildFile; fileRef = 924618102C33D21300CCD44D /* BucketListTests.swift */; };
		9246181B2C33D21300CCD44D /* BucketListUITests.swift in Sources */ = {isa = PBXBuildFile; fileRef = 9246181A2C33D21300CCD44D /* BucketListUITests.swift */; };
		9246181D2C33D21300CCD44D /* BucketListUITestsLaunchTests.swift in Sources */ = {isa = PBXBuildFile; fileRef = 9246181C2C33D21300CCD44D /* BucketListUITestsLaunchTests.swift */; };
		92536E2D2C3932C600310B55 /* ContentView-ViewModel.swift in Sources */ = {isa = PBXBuildFile; fileRef = 92536E2C2C3932C600310B55 /* ContentView-ViewModel.swift */; };
		926FE0F42C3697C8003C325C /* Location.swift in Sources */ = {isa = PBXBuildFile; fileRef = 926FE0F32C3697C8003C325C /* Location.swift */; };
		926FE0F62C36C3BA003C325C /* EditView.swift in Sources */ = {isa = PBXBuildFile; fileRef = 926FE0F52C36C3BA003C325C /* EditView.swift */; };
		92AB86752C37EA4F00D0CB3D /* Result.swift in Sources */ = {isa = PBXBuildFile; fileRef = 92AB86742C37EA4F00D0CB3D /* Result.swift */; };
		92F642E62C3C5B16002ECBC7 /* EditView-ViewModel.swift in Sources */ = {isa = PBXBuildFile; fileRef = 92F642E52C3C5B16002ECBC7 /* EditView-ViewModel.swift */; };
/* End PBXBuildFile section */

/* Begin PBXContainerItemProxy section */
		9246180D2C33D21300CCD44D /* PBXContainerItemProxy */ = {
			isa = PBXContainerItemProxy;
			containerPortal = 924617F42C33D21100CCD44D /* Project object */;
			proxyType = 1;
			remoteGlobalIDString = 924617FB2C33D21100CCD44D;
			remoteInfo = BucketList;
		};
		924618172C33D21300CCD44D /* PBXContainerItemProxy */ = {
			isa = PBXContainerItemProxy;
			containerPortal = 924617F42C33D21100CCD44D /* Project object */;
			proxyType = 1;
			remoteGlobalIDString = 924617FB2C33D21100CCD44D;
			remoteInfo = BucketList;
		};
/* End PBXContainerItemProxy section */

/* Begin PBXFileReference section */
		924617FC2C33D21100CCD44D /* BucketList.app */ = {isa = PBXFileReference; explicitFileType = wrapper.application; includeInIndex = 0; path = BucketList.app; sourceTree = BUILT_PRODUCTS_DIR; };
		924617FF2C33D21100CCD44D /* BucketListApp.swift */ = {isa = PBXFileReference; lastKnownFileType = sourcecode.swift; path = BucketListApp.swift; sourceTree = "<group>"; };
		924618012C33D21100CCD44D /* ContentView.swift */ = {isa = PBXFileReference; lastKnownFileType = sourcecode.swift; path = ContentView.swift; sourceTree = "<group>"; };
		924618032C33D21200CCD44D /* Assets.xcassets */ = {isa = PBXFileReference; lastKnownFileType = folder.assetcatalog; path = Assets.xcassets; sourceTree = "<group>"; };
		924618062C33D21200CCD44D /* Preview Assets.xcassets */ = {isa = PBXFileReference; lastKnownFileType = folder.assetcatalog; path = "Preview Assets.xcassets"; sourceTree = "<group>"; };
		9246180C2C33D21300CCD44D /* BucketListTests.xctest */ = {isa = PBXFileReference; explicitFileType = wrapper.cfbundle; includeInIndex = 0; path = BucketListTests.xctest; sourceTree = BUILT_PRODUCTS_DIR; };
		924618102C33D21300CCD44D /* BucketListTests.swift */ = {isa = PBXFileReference; lastKnownFileType = sourcecode.swift; path = BucketListTests.swift; sourceTree = "<group>"; };
		924618162C33D21300CCD44D /* BucketListUITests.xctest */ = {isa = PBXFileReference; explicitFileType = wrapper.cfbundle; includeInIndex = 0; path = BucketListUITests.xctest; sourceTree = BUILT_PRODUCTS_DIR; };
		9246181A2C33D21300CCD44D /* BucketListUITests.swift */ = {isa = PBXFileReference; lastKnownFileType = sourcecode.swift; path = BucketListUITests.swift; sourceTree = "<group>"; };
		9246181C2C33D21300CCD44D /* BucketListUITestsLaunchTests.swift */ = {isa = PBXFileReference; lastKnownFileType = sourcecode.swift; path = BucketListUITestsLaunchTests.swift; sourceTree = "<group>"; };
		92536E2C2C3932C600310B55 /* ContentView-ViewModel.swift */ = {isa = PBXFileReference; lastKnownFileType = sourcecode.swift; path = "ContentView-ViewModel.swift"; sourceTree = "<group>"; };
		926FE0F32C3697C8003C325C /* Location.swift */ = {isa = PBXFileReference; lastKnownFileType = sourcecode.swift; path = Location.swift; sourceTree = "<group>"; };
		926FE0F52C36C3BA003C325C /* EditView.swift */ = {isa = PBXFileReference; lastKnownFileType = sourcecode.swift; path = EditView.swift; sourceTree = "<group>"; };
		92AB86742C37EA4F00D0CB3D /* Result.swift */ = {isa = PBXFileReference; lastKnownFileType = sourcecode.swift; path = Result.swift; sourceTree = "<group>"; };
		92F642E52C3C5B16002ECBC7 /* EditView-ViewModel.swift */ = {isa = PBXFileReference; lastKnownFileType = sourcecode.swift; path = "EditView-ViewModel.swift"; sourceTree = "<group>"; };
/* End PBXFileReference section */

/* Begin PBXFrameworksBuildPhase section */
		924617F92C33D21100CCD44D /* Frameworks */ = {
			isa = PBXFrameworksBuildPhase;
			buildActionMask = 2147483647;
			files = (
			);
			runOnlyForDeploymentPostprocessing = 0;
		};
		924618092C33D21300CCD44D /* Frameworks */ = {
			isa = PBXFrameworksBuildPhase;
			buildActionMask = 2147483647;
			files = (
			);
			runOnlyForDeploymentPostprocessing = 0;
		};
		924618132C33D21300CCD44D /* Frameworks */ = {
			isa = PBXFrameworksBuildPhase;
			buildActionMask = 2147483647;
			files = (
			);
			runOnlyForDeploymentPostprocessing = 0;
		};
/* End PBXFrameworksBuildPhase section */

/* Begin PBXGroup section */
		924617F32C33D21100CCD44D = {
			isa = PBXGroup;
			children = (
				924617FE2C33D21100CCD44D /* BucketList */,
				9246180F2C33D21300CCD44D /* BucketListTests */,
				924618192C33D21300CCD44D /* BucketListUITests */,
				924617FD2C33D21100CCD44D /* Products */,
			);
			sourceTree = "<group>";
		};
		924617FD2C33D21100CCD44D /* Products */ = {
			isa = PBXGroup;
			children = (
				924617FC2C33D21100CCD44D /* BucketList.app */,
				9246180C2C33D21300CCD44D /* BucketListTests.xctest */,
				924618162C33D21300CCD44D /* BucketListUITests.xctest */,
			);
			name = Products;
			sourceTree = "<group>";
		};
		924617FE2C33D21100CCD44D /* BucketList */ = {
			isa = PBXGroup;
			children = (
				924617FF2C33D21100CCD44D /* BucketListApp.swift */,
				924618012C33D21100CCD44D /* ContentView.swift */,
				92536E2C2C3932C600310B55 /* ContentView-ViewModel.swift */,
				926FE0F52C36C3BA003C325C /* EditView.swift */,
				92F642E52C3C5B16002ECBC7 /* EditView-ViewModel.swift */,
				92AB86742C37EA4F00D0CB3D /* Result.swift */,
				926FE0F32C3697C8003C325C /* Location.swift */,
				924618032C33D21200CCD44D /* Assets.xcassets */,
				924618052C33D21200CCD44D /* Preview Content */,
			);
			path = BucketList;
			sourceTree = "<group>";
		};
		924618052C33D21200CCD44D /* Preview Content */ = {
			isa = PBXGroup;
			children = (
				924618062C33D21200CCD44D /* Preview Assets.xcassets */,
			);
			path = "Preview Content";
			sourceTree = "<group>";
		};
		9246180F2C33D21300CCD44D /* BucketListTests */ = {
			isa = PBXGroup;
			children = (
				924618102C33D21300CCD44D /* BucketListTests.swift */,
			);
			path = BucketListTests;
			sourceTree = "<group>";
		};
		924618192C33D21300CCD44D /* BucketListUITests */ = {
			isa = PBXGroup;
			children = (
				9246181A2C33D21300CCD44D /* BucketListUITests.swift */,
				9246181C2C33D21300CCD44D /* BucketListUITestsLaunchTests.swift */,
			);
			path = BucketListUITests;
			sourceTree = "<group>";
		};
/* End PBXGroup section */

/* Begin PBXNativeTarget section */
		924617FB2C33D21100CCD44D /* BucketList */ = {
			isa = PBXNativeTarget;
			buildConfigurationList = 924618202C33D21300CCD44D /* Build configuration list for PBXNativeTarget "BucketList" */;
			buildPhases = (
				924617F82C33D21100CCD44D /* Sources */,
				924617F92C33D21100CCD44D /* Frameworks */,
				924617FA2C33D21100CCD44D /* Resources */,
			);
			buildRules = (
			);
			dependencies = (
			);
			name = BucketList;
			productName = BucketList;
			productReference = 924617FC2C33D21100CCD44D /* BucketList.app */;
			productType = "com.apple.product-type.application";
		};
		9246180B2C33D21300CCD44D /* BucketListTests */ = {
			isa = PBXNativeTarget;
			buildConfigurationList = 924618232C33D21300CCD44D /* Build configuration list for PBXNativeTarget "BucketListTests" */;
			buildPhases = (
				924618082C33D21300CCD44D /* Sources */,
				924618092C33D21300CCD44D /* Frameworks */,
				9246180A2C33D21300CCD44D /* Resources */,
			);
			buildRules = (
			);
			dependencies = (
				9246180E2C33D21300CCD44D /* PBXTargetDependency */,
			);
			name = BucketListTests;
			productName = BucketListTests;
			productReference = 9246180C2C33D21300CCD44D /* BucketListTests.xctest */;
			productType = "com.apple.product-type.bundle.unit-test";
		};
		924618152C33D21300CCD44D /* BucketListUITests */ = {
			isa = PBXNativeTarget;
			buildConfigurationList = 924618262C33D21300CCD44D /* Build configuration list for PBXNativeTarget "BucketListUITests" */;
			buildPhases = (
				924618122C33D21300CCD44D /* Sources */,
				924618132C33D21300CCD44D /* Frameworks */,
				924618142C33D21300CCD44D /* Resources */,
			);
			buildRules = (
			);
			dependencies = (
				924618182C33D21300CCD44D /* PBXTargetDependency */,
			);
			name = BucketListUITests;
			productName = BucketListUITests;
			productReference = 924618162C33D21300CCD44D /* BucketListUITests.xctest */;
			productType = "com.apple.product-type.bundle.ui-testing";
		};
/* End PBXNativeTarget section */

/* Begin PBXProject section */
		924617F42C33D21100CCD44D /* Project object */ = {
			isa = PBXProject;
			attributes = {
				BuildIndependentTargetsInParallel = 1;
				LastSwiftUpdateCheck = 1540;
				LastUpgradeCheck = 1540;
				TargetAttributes = {
					924617FB2C33D21100CCD44D = {
						CreatedOnToolsVersion = 15.4;
					};
					9246180B2C33D21300CCD44D = {
						CreatedOnToolsVersion = 15.4;
						TestTargetID = 924617FB2C33D21100CCD44D;
					};
					924618152C33D21300CCD44D = {
						CreatedOnToolsVersion = 15.4;
						TestTargetID = 924617FB2C33D21100CCD44D;
					};
				};
			};
			buildConfigurationList = 924617F72C33D21100CCD44D /* Build configuration list for PBXProject "BucketList" */;
			compatibilityVersion = "Xcode 14.0";
			developmentRegion = en;
			hasScannedForEncodings = 0;
			knownRegions = (
				en,
				Base,
			);
			mainGroup = 924617F32C33D21100CCD44D;
			productRefGroup = 924617FD2C33D21100CCD44D /* Products */;
			projectDirPath = "";
			projectRoot = "";
			targets = (
				924617FB2C33D21100CCD44D /* BucketList */,
				9246180B2C33D21300CCD44D /* BucketListTests */,
				924618152C33D21300CCD44D /* BucketListUITests */,
			);
		};
/* End PBXProject section */

/* Begin PBXResourcesBuildPhase section */
		924617FA2C33D21100CCD44D /* Resources */ = {
			isa = PBXResourcesBuildPhase;
			buildActionMask = 2147483647;
			files = (
				924618072C33D21200CCD44D /* Preview Assets.xcassets in Resources */,
				924618042C33D21200CCD44D /* Assets.xcassets in Resources */,
			);
			runOnlyForDeploymentPostprocessing = 0;
		};
		9246180A2C33D21300CCD44D /* Resources */ = {
			isa = PBXResourcesBuildPhase;
			buildActionMask = 2147483647;
			files = (
			);
			runOnlyForDeploymentPostprocessing = 0;
		};
		924618142C33D21300CCD44D /* Resources */ = {
			isa = PBXResourcesBuildPhase;
			buildActionMask = 2147483647;
			files = (
			);
			runOnlyForDeploymentPostprocessing = 0;
		};
/* End PBXResourcesBuildPhase section */

/* Begin PBXSourcesBuildPhase section */
		924617F82C33D21100CCD44D /* Sources */ = {
			isa = PBXSourcesBuildPhase;
			buildActionMask = 2147483647;
			files = (
				924618022C33D21100CCD44D /* ContentView.swift in Sources */,
				92536E2D2C3932C600310B55 /* ContentView-ViewModel.swift in Sources */,
				92AB86752C37EA4F00D0CB3D /* Result.swift in Sources */,
				92F642E62C3C5B16002ECBC7 /* EditView-ViewModel.swift in Sources */,
				926FE0F42C3697C8003C325C /* Location.swift in Sources */,
				926FE0F62C36C3BA003C325C /* EditView.swift in Sources */,
				924618002C33D21100CCD44D /* BucketListApp.swift in Sources */,
			);
			runOnlyForDeploymentPostprocessing = 0;
		};
		924618082C33D21300CCD44D /* Sources */ = {
			isa = PBXSourcesBuildPhase;
			buildActionMask = 2147483647;
			files = (
				924618112C33D21300CCD44D /* BucketListTests.swift in Sources */,
			);
			runOnlyForDeploymentPostprocessing = 0;
		};
		924618122C33D21300CCD44D /* Sources */ = {
			isa = PBXSourcesBuildPhase;
			buildActionMask = 2147483647;
			files = (
				9246181D2C33D21300CCD44D /* BucketListUITestsLaunchTests.swift in Sources */,
				9246181B2C33D21300CCD44D /* BucketListUITests.swift in Sources */,
			);
			runOnlyForDeploymentPostprocessing = 0;
		};
/* End PBXSourcesBuildPhase section */

/* Begin PBXTargetDependency section */
		9246180E2C33D21300CCD44D /* PBXTargetDependency */ = {
			isa = PBXTargetDependency;
			target = 924617FB2C33D21100CCD44D /* BucketList */;
			targetProxy = 9246180D2C33D21300CCD44D /* PBXContainerItemProxy */;
		};
		924618182C33D21300CCD44D /* PBXTargetDependency */ = {
			isa = PBXTargetDependency;
			target = 924617FB2C33D21100CCD44D /* BucketList */;
			targetProxy = 924618172C33D21300CCD44D /* PBXContainerItemProxy */;
		};
/* End PBXTargetDependency section */

/* Begin XCBuildConfiguration section */
		9246181E2C33D21300CCD44D /* Debug */ = {
			isa = XCBuildConfiguration;
			buildSettings = {
				ALWAYS_SEARCH_USER_PATHS = NO;
				ASSETCATALOG_COMPILER_GENERATE_SWIFT_ASSET_SYMBOL_EXTENSIONS = YES;
				CLANG_ANALYZER_NONNULL = YES;
				CLANG_ANALYZER_NUMBER_OBJECT_CONVERSION = YES_AGGRESSIVE;
				CLANG_CXX_LANGUAGE_STANDARD = "gnu++20";
				CLANG_ENABLE_MODULES = YES;
				CLANG_ENABLE_OBJC_ARC = YES;
				CLANG_ENABLE_OBJC_WEAK = YES;
				CLANG_WARN_BLOCK_CAPTURE_AUTORELEASING = YES;
				CLANG_WARN_BOOL_CONVERSION = YES;
				CLANG_WARN_COMMA = YES;
				CLANG_WARN_CONSTANT_CONVERSION = YES;
				CLANG_WARN_DEPRECATED_OBJC_IMPLEMENTATIONS = YES;
				CLANG_WARN_DIRECT_OBJC_ISA_USAGE = YES_ERROR;
				CLANG_WARN_DOCUMENTATION_COMMENTS = YES;
				CLANG_WARN_EMPTY_BODY = YES;
				CLANG_WARN_ENUM_CONVERSION = YES;
				CLANG_WARN_INFINITE_RECURSION = YES;
				CLANG_WARN_INT_CONVERSION = YES;
				CLANG_WARN_NON_LITERAL_NULL_CONVERSION = YES;
				CLANG_WARN_OBJC_IMPLICIT_RETAIN_SELF = YES;
				CLANG_WARN_OBJC_LITERAL_CONVERSION = YES;
				CLANG_WARN_OBJC_ROOT_CLASS = YES_ERROR;
				CLANG_WARN_QUOTED_INCLUDE_IN_FRAMEWORK_HEADER = YES;
				CLANG_WARN_RANGE_LOOP_ANALYSIS = YES;
				CLANG_WARN_STRICT_PROTOTYPES = YES;
				CLANG_WARN_SUSPICIOUS_MOVE = YES;
				CLANG_WARN_UNGUARDED_AVAILABILITY = YES_AGGRESSIVE;
				CLANG_WARN_UNREACHABLE_CODE = YES;
				CLANG_WARN__DUPLICATE_METHOD_MATCH = YES;
				COPY_PHASE_STRIP = NO;
				DEBUG_INFORMATION_FORMAT = dwarf;
				ENABLE_STRICT_OBJC_MSGSEND = YES;
				ENABLE_TESTABILITY = YES;
				ENABLE_USER_SCRIPT_SANDBOXING = YES;
				GCC_C_LANGUAGE_STANDARD = gnu17;
				GCC_DYNAMIC_NO_PIC = NO;
				GCC_NO_COMMON_BLOCKS = YES;
				GCC_OPTIMIZATION_LEVEL = 0;
				GCC_PREPROCESSOR_DEFINITIONS = (
					"DEBUG=1",
					"$(inherited)",
				);
				GCC_WARN_64_TO_32_BIT_CONVERSION = YES;
				GCC_WARN_ABOUT_RETURN_TYPE = YES_ERROR;
				GCC_WARN_UNDECLARED_SELECTOR = YES;
				GCC_WARN_UNINITIALIZED_AUTOS = YES_AGGRESSIVE;
				GCC_WARN_UNUSED_FUNCTION = YES;
				GCC_WARN_UNUSED_VARIABLE = YES;
				IPHONEOS_DEPLOYMENT_TARGET = 17.5;
				LOCALIZATION_PREFERS_STRING_CATALOGS = YES;
				MTL_ENABLE_DEBUG_INFO = INCLUDE_SOURCE;
				MTL_FAST_MATH = YES;
				ONLY_ACTIVE_ARCH = YES;
				SDKROOT = iphoneos;
				SWIFT_ACTIVE_COMPILATION_CONDITIONS = "DEBUG $(inherited)";
				SWIFT_OPTIMIZATION_LEVEL = "-Onone";
			};
			name = Debug;
		};
		9246181F2C33D21300CCD44D /* Release */ = {
			isa = XCBuildConfiguration;
			buildSettings = {
				ALWAYS_SEARCH_USER_PATHS = NO;
				ASSETCATALOG_COMPILER_GENERATE_SWIFT_ASSET_SYMBOL_EXTENSIONS = YES;
				CLANG_ANALYZER_NONNULL = YES;
				CLANG_ANALYZER_NUMBER_OBJECT_CONVERSION = YES_AGGRESSIVE;
				CLANG_CXX_LANGUAGE_STANDARD = "gnu++20";
				CLANG_ENABLE_MODULES = YES;
				CLANG_ENABLE_OBJC_ARC = YES;
				CLANG_ENABLE_OBJC_WEAK = YES;
				CLANG_WARN_BLOCK_CAPTURE_AUTORELEASING = YES;
				CLANG_WARN_BOOL_CONVERSION = YES;
				CLANG_WARN_COMMA = YES;
				CLANG_WARN_CONSTANT_CONVERSION = YES;
				CLANG_WARN_DEPRECATED_OBJC_IMPLEMENTATIONS = YES;
				CLANG_WARN_DIRECT_OBJC_ISA_USAGE = YES_ERROR;
				CLANG_WARN_DOCUMENTATION_COMMENTS = YES;
				CLANG_WARN_EMPTY_BODY = YES;
				CLANG_WARN_ENUM_CONVERSION = YES;
				CLANG_WARN_INFINITE_RECURSION = YES;
				CLANG_WARN_INT_CONVERSION = YES;
				CLANG_WARN_NON_LITERAL_NULL_CONVERSION = YES;
				CLANG_WARN_OBJC_IMPLICIT_RETAIN_SELF = YES;
				CLANG_WARN_OBJC_LITERAL_CONVERSION = YES;
				CLANG_WARN_OBJC_ROOT_CLASS = YES_ERROR;
				CLANG_WARN_QUOTED_INCLUDE_IN_FRAMEWORK_HEADER = YES;
				CLANG_WARN_RANGE_LOOP_ANALYSIS = YES;
				CLANG_WARN_STRICT_PROTOTYPES = YES;
				CLANG_WARN_SUSPICIOUS_MOVE = YES;
				CLANG_WARN_UNGUARDED_AVAILABILITY = YES_AGGRESSIVE;
				CLANG_WARN_UNREACHABLE_CODE = YES;
				CLANG_WARN__DUPLICATE_METHOD_MATCH = YES;
				COPY_PHASE_STRIP = NO;
				DEBUG_INFORMATION_FORMAT = "dwarf-with-dsym";
				ENABLE_NS_ASSERTIONS = NO;
				ENABLE_STRICT_OBJC_MSGSEND = YES;
				ENABLE_USER_SCRIPT_SANDBOXING = YES;
				GCC_C_LANGUAGE_STANDARD = gnu17;
				GCC_NO_COMMON_BLOCKS = YES;
				GCC_WARN_64_TO_32_BIT_CONVERSION = YES;
				GCC_WARN_ABOUT_RETURN_TYPE = YES_ERROR;
				GCC_WARN_UNDECLARED_SELECTOR = YES;
				GCC_WARN_UNINITIALIZED_AUTOS = YES_AGGRESSIVE;
				GCC_WARN_UNUSED_FUNCTION = YES;
				GCC_WARN_UNUSED_VARIABLE = YES;
				IPHONEOS_DEPLOYMENT_TARGET = 17.5;
				LOCALIZATION_PREFERS_STRING_CATALOGS = YES;
				MTL_ENABLE_DEBUG_INFO = NO;
				MTL_FAST_MATH = YES;
				SDKROOT = iphoneos;
				SWIFT_COMPILATION_MODE = wholemodule;
				VALIDATE_PRODUCT = YES;
			};
			name = Release;
		};
		924618212C33D21300CCD44D /* Debug */ = {
			isa = XCBuildConfiguration;
			buildSettings = {
				ASSETCATALOG_COMPILER_APPICON_NAME = AppIcon;
				ASSETCATALOG_COMPILER_GLOBAL_ACCENT_COLOR_NAME = AccentColor;
				CODE_SIGN_STYLE = Automatic;
				CURRENT_PROJECT_VERSION = 1;
				DEVELOPMENT_ASSET_PATHS = "\"BucketList/Preview Content\"";
				DEVELOPMENT_TEAM = HY3GRU2A96;
				ENABLE_PREVIEWS = YES;
				GENERATE_INFOPLIST_FILE = YES;
				INFOPLIST_KEY_NSFaceIDUsageDescription = "We need to unlock your data";
				INFOPLIST_KEY_UIApplicationSceneManifest_Generation = YES;
				INFOPLIST_KEY_UIApplicationSupportsIndirectInputEvents = YES;
				INFOPLIST_KEY_UILaunchScreen_Generation = YES;
				INFOPLIST_KEY_UISupportedInterfaceOrientations_iPad = "UIInterfaceOrientationPortrait UIInterfaceOrientationPortraitUpsideDown UIInterfaceOrientationLandscapeLeft UIInterfaceOrientationLandscapeRight";
				INFOPLIST_KEY_UISupportedInterfaceOrientations_iPhone = "UIInterfaceOrientationPortrait UIInterfaceOrientationLandscapeLeft UIInterfaceOrientationLandscapeRight";
				LD_RUNPATH_SEARCH_PATHS = (
					"$(inherited)",
					"@executable_path/Frameworks",
				);
				MARKETING_VERSION = 1.0;
				PRODUCT_BUNDLE_IDENTIFIER = com.prathameshsonawane.BucketList;
				PRODUCT_NAME = "$(TARGET_NAME)";
				SWIFT_EMIT_LOC_STRINGS = YES;
				SWIFT_VERSION = 5.0;
				TARGETED_DEVICE_FAMILY = "1,2";
			};
			name = Debug;
		};
		924618222C33D21300CCD44D /* Release */ = {
			isa = XCBuildConfiguration;
			buildSettings = {
				ASSETCATALOG_COMPILER_APPICON_NAME = AppIcon;
				ASSETCATALOG_COMPILER_GLOBAL_ACCENT_COLOR_NAME = AccentColor;
				CODE_SIGN_STYLE = Automatic;
				CURRENT_PROJECT_VERSION = 1;
				DEVELOPMENT_ASSET_PATHS = "\"BucketList/Preview Content\"";
				DEVELOPMENT_TEAM = HY3GRU2A96;
				ENABLE_PREVIEWS = YES;
				GENERATE_INFOPLIST_FILE = YES;
				INFOPLIST_KEY_NSFaceIDUsageDescription = "We need to unlock your data";
				INFOPLIST_KEY_UIApplicationSceneManifest_Generation = YES;
				INFOPLIST_KEY_UIApplicationSupportsIndirectInputEvents = YES;
				INFOPLIST_KEY_UILaunchScreen_Generation = YES;
				INFOPLIST_KEY_UISupportedInterfaceOrientations_iPad = "UIInterfaceOrientationPortrait UIInterfaceOrientationPortraitUpsideDown UIInterfaceOrientationLandscapeLeft UIInterfaceOrientationLandscapeRight";
				INFOPLIST_KEY_UISupportedInterfaceOrientations_iPhone = "UIInterfaceOrientationPortrait UIInterfaceOrientationLandscapeLeft UIInterfaceOrientationLandscapeRight";
				LD_RUNPATH_SEARCH_PATHS = (
					"$(inherited)",
					"@executable_path/Frameworks",
				);
				MARKETING_VERSION = 1.0;
				PRODUCT_BUNDLE_IDENTIFIER = com.prathameshsonawane.BucketList;
				PRODUCT_NAME = "$(TARGET_NAME)";
				SWIFT_EMIT_LOC_STRINGS = YES;
				SWIFT_VERSION = 5.0;
				TARGETED_DEVICE_FAMILY = "1,2";
			};
			name = Release;
		};
		924618242C33D21300CCD44D /* Debug */ = {
			isa = XCBuildConfiguration;
			buildSettings = {
				ALWAYS_EMBED_SWIFT_STANDARD_LIBRARIES = YES;
				BUNDLE_LOADER = "$(TEST_HOST)";
				CODE_SIGN_STYLE = Automatic;
				CURRENT_PROJECT_VERSION = 1;
				DEVELOPMENT_TEAM = HY3GRU2A96;
				GENERATE_INFOPLIST_FILE = YES;
				IPHONEOS_DEPLOYMENT_TARGET = 17.5;
				MARKETING_VERSION = 1.0;
				PRODUCT_BUNDLE_IDENTIFIER = com.prathameshsonawane.BucketListTests;
				PRODUCT_NAME = "$(TARGET_NAME)";
				SWIFT_EMIT_LOC_STRINGS = NO;
				SWIFT_VERSION = 5.0;
				TARGETED_DEVICE_FAMILY = "1,2";
				TEST_HOST = "$(BUILT_PRODUCTS_DIR)/BucketList.app/$(BUNDLE_EXECUTABLE_FOLDER_PATH)/BucketList";
			};
			name = Debug;
		};
		924618252C33D21300CCD44D /* Release */ = {
			isa = XCBuildConfiguration;
			buildSettings = {
				ALWAYS_EMBED_SWIFT_STANDARD_LIBRARIES = YES;
				BUNDLE_LOADER = "$(TEST_HOST)";
				CODE_SIGN_STYLE = Automatic;
				CURRENT_PROJECT_VERSION = 1;
				DEVELOPMENT_TEAM = HY3GRU2A96;
				GENERATE_INFOPLIST_FILE = YES;
				IPHONEOS_DEPLOYMENT_TARGET = 17.5;
				MARKETING_VERSION = 1.0;
				PRODUCT_BUNDLE_IDENTIFIER = com.prathameshsonawane.BucketListTests;
				PRODUCT_NAME = "$(TARGET_NAME)";
				SWIFT_EMIT_LOC_STRINGS = NO;
				SWIFT_VERSION = 5.0;
				TARGETED_DEVICE_FAMILY = "1,2";
				TEST_HOST = "$(BUILT_PRODUCTS_DIR)/BucketList.app/$(BUNDLE_EXECUTABLE_FOLDER_PATH)/BucketList";
			};
			name = Release;
		};
		924618272C33D21300CCD44D /* Debug */ = {
			isa = XCBuildConfiguration;
			buildSettings = {
				ALWAYS_EMBED_SWIFT_STANDARD_LIBRARIES = YES;
				CODE_SIGN_STYLE = Automatic;
				CURRENT_PROJECT_VERSION = 1;
				DEVELOPMENT_TEAM = HY3GRU2A96;
				GENERATE_INFOPLIST_FILE = YES;
				MARKETING_VERSION = 1.0;
				PRODUCT_BUNDLE_IDENTIFIER = com.prathameshsonawane.BucketListUITests;
				PRODUCT_NAME = "$(TARGET_NAME)";
				SWIFT_EMIT_LOC_STRINGS = NO;
				SWIFT_VERSION = 5.0;
				TARGETED_DEVICE_FAMILY = "1,2";
				TEST_TARGET_NAME = BucketList;
			};
			name = Debug;
		};
		924618282C33D21300CCD44D /* Release */ = {
			isa = XCBuildConfiguration;
			buildSettings = {
				ALWAYS_EMBED_SWIFT_STANDARD_LIBRARIES = YES;
				CODE_SIGN_STYLE = Automatic;
				CURRENT_PROJECT_VERSION = 1;
				DEVELOPMENT_TEAM = HY3GRU2A96;
				GENERATE_INFOPLIST_FILE = YES;
				MARKETING_VERSION = 1.0;
				PRODUCT_BUNDLE_IDENTIFIER = com.prathameshsonawane.BucketListUITests;
				PRODUCT_NAME = "$(TARGET_NAME)";
				SWIFT_EMIT_LOC_STRINGS = NO;
				SWIFT_VERSION = 5.0;
				TARGETED_DEVICE_FAMILY = "1,2";
				TEST_TARGET_NAME = BucketList;
			};
			name = Release;
		};
/* End XCBuildConfiguration section */

/* Begin XCConfigurationList section */
		924617F72C33D21100CCD44D /* Build configuration list for PBXProject "BucketList" */ = {
			isa = XCConfigurationList;
			buildConfigurations = (
				9246181E2C33D21300CCD44D /* Debug */,
				9246181F2C33D21300CCD44D /* Release */,
			);
			defaultConfigurationIsVisible = 0;
			defaultConfigurationName = Release;
		};
		924618202C33D21300CCD44D /* Build configuration list for PBXNativeTarget "BucketList" */ = {
			isa = XCConfigurationList;
			buildConfigurations = (
				924618212C33D21300CCD44D /* Debug */,
				924618222C33D21300CCD44D /* Release */,
			);
			defaultConfigurationIsVisible = 0;
			defaultConfigurationName = Release;
		};
		924618232C33D21300CCD44D /* Build configuration list for PBXNativeTarget "BucketListTests" */ = {
			isa = XCConfigurationList;
			buildConfigurations = (
				924618242C33D21300CCD44D /* Debug */,
				924618252C33D21300CCD44D /* Release */,
			);
			defaultConfigurationIsVisible = 0;
			defaultConfigurationName = Release;
		};
		924618262C33D21300CCD44D /* Build configuration list for PBXNativeTarget "BucketListUITests" */ = {
			isa = XCConfigurationList;
			buildConfigurations = (
				924618272C33D21300CCD44D /* Debug */,
				924618282C33D21300CCD44D /* Release */,
			);
			defaultConfigurationIsVisible = 0;
			defaultConfigurationName = Release;
		};
/* End XCConfigurationList section */
	};
	rootObject = 924617F42C33D21100CCD44D /* Project object */;
}
